{
  "nodes": {
    "darwin": {
      "inputs": {
        "nixpkgs": [
          "nixpkgs"
        ]
      },
      "locked": {
        "lastModified": 1664210064,
        "narHash": "sha256-df6nKVZe/yAhmJ9csirTPahc0dldwm3HBhCVNA6qWr0=",
        "owner": "lnl7",
        "repo": "nix-darwin",
        "rev": "02d2551c927b7d65ded1b3c7cd13da5cc7ae3fcf",
        "type": "github"
      },
      "original": {
        "owner": "lnl7",
        "repo": "nix-darwin",
        "type": "github"
      }
    },
    "home-manager": {
      "inputs": {
        "nixpkgs": [
          "nixpkgs"
        ],
        "utils": "utils"
      },
      "locked": {
        "lastModified": 1664573442,
        "narHash": "sha256-AovlSIuJfMf8n9QLNUVtsCul+NVHIoen7APH2fLls3k=",
        "owner": "nix-community",
        "repo": "home-manager",
        "rev": "a7f0cc2d7b271b4a5df9b9e351d556c172f7e903",
        "type": "github"
      },
      "original": {
        "owner": "nix-community",
        "repo": "home-manager",
        "type": "github"
      }
    },
    "hyprland": {
      "inputs": {
        "nixpkgs": [
          "nixpkgs"
        ],
        "wlroots": "wlroots"
      },
      "locked": {
        "lastModified": 1664648355,
        "narHash": "sha256-Qi7fh9jD0PeQw80YBjAv191Ye+MecudUOTYFwByH3CU=",
        "owner": "hyprwm",
        "repo": "Hyprland",
        "rev": "a97621b1cb203b0e3a7dd07d88c5422b798cbfd8",
        "type": "github"
      },
      "original": {
        "owner": "hyprwm",
        "repo": "Hyprland",
        "type": "github"
      }
    },
    "nix-colors": {
      "locked": {
        "lastModified": 1642432483,
        "narHash": "sha256-XXubZIDGz9LYIbnz7WwvwkFKFKiJBkQrwVegLyaCL2I=",
        "owner": "narutoxy",
        "repo": "nix-colors",
        "rev": "5ae8ab6b2ccad1b9f3ca3135ab805ac440174940",
        "type": "github"
      },
      "original": {
        "owner": "narutoxy",
        "repo": "nix-colors",
        "rev": "5ae8ab6b2ccad1b9f3ca3135ab805ac440174940",
        "type": "github"
      }
    },
    "nixpkgs": {
      "locked": {
        "lastModified": 1664538465,
        "narHash": "sha256-EnlC7dDKX7X1wlnXkB1gmn9rBZQ0J9+biVTZHw//8us=",
        "owner": "nixos",
        "repo": "nixpkgs",
        "rev": "10ecda252ce1b3b1d6403caeadbcc8f30d5ab796",
        "type": "github"
      },
      "original": {
        "owner": "nixos",
        "ref": "nixos-unstable",
        "repo": "nixpkgs",
        "type": "github"
      }
    },
    "root": {
      "inputs": {
        "darwin": "darwin",
        "home-manager": "home-manager",
        "hyprland": "hyprland",
        "nix-colors": "nix-colors",
        "nixpkgs": "nixpkgs",
        "utils": "utils_2"
      }
    },
    "utils": {
      "locked": {
        "lastModified": 1659877975,
        "narHash": "sha256-zllb8aq3YO3h8B/U0/J1WBgAL8EX5yWf5pMj3G0NAmc=",
        "owner": "numtide",
        "repo": "flake-utils",
        "rev": "c0e246b9b83f637f4681389ecabcb2681b4f3af0",
        "type": "github"
      },
      "original": {
        "owner": "numtide",
        "repo": "flake-utils",
        "type": "github"
      }
    },
    "utils_2": {
      "locked": {
        "lastModified": 1659877975,
        "narHash": "sha256-zllb8aq3YO3h8B/U0/J1WBgAL8EX5yWf5pMj3G0NAmc=",
        "owner": "numtide",
        "repo": "flake-utils",
        "rev": "c0e246b9b83f637f4681389ecabcb2681b4f3af0",
        "type": "github"
      },
      "original": {
        "owner": "numtide",
        "repo": "flake-utils",
        "type": "github"
      }
    },
    "wlroots": {
      "flake": false,
      "locked": {
        "host": "gitlab.freedesktop.org",
        "lastModified": 1663507239,
        "narHash": "sha256-LISZtkPVe8lQ2N8YwVe+KxCkXWLP9mdw6Q2kG93wE8A=",
        "owner": "wlroots",
        "repo": "wlroots",
        "rev": "2ad25b1460400e66ea26bd6489b04072be7d9dbb",
        "type": "gitlab"
      },
      "original": {
        "host": "gitlab.freedesktop.org",
        "owner": "wlroots",
        "repo": "wlroots",
        "type": "gitlab"
      }
    }
  },
  "root": "root",
  "version": 7
}
